// !$*UTF8*$!
{
	archiveVersion = 1;
	classes = {
	};
	objectVersion = 56;
	objects = {

/* Begin PBXBuildFile section */
		6C1246CD2C9032DD008B699D /* UIImageViewExtencion.swift in Sources */ = {isa = PBXBuildFile; fileRef = 6C1246CC2C9032DD008B699D /* UIImageViewExtencion.swift */; };
		6C1246CF2C903508008B699D /* UIViewExtention.swift in Sources */ = {isa = PBXBuildFile; fileRef = 6C1246CE2C903508008B699D /* UIViewExtention.swift */; };
		6C1246D12C904C04008B699D /* DetailViewController.swift in Sources */ = {isa = PBXBuildFile; fileRef = 6C1246D02C904C04008B699D /* DetailViewController.swift */; };
		6C1246D32C9072C2008B699D /* ViewControllerAbilities.swift in Sources */ = {isa = PBXBuildFile; fileRef = 6C1246D22C9072C2008B699D /* ViewControllerAbilities.swift */; };
		6C660A302C8EDE6900B30767 /* AppDelegate.swift in Sources */ = {isa = PBXBuildFile; fileRef = 6C660A2F2C8EDE6900B30767 /* AppDelegate.swift */; };
		6C660A322C8EDE6900B30767 /* SceneDelegate.swift in Sources */ = {isa = PBXBuildFile; fileRef = 6C660A312C8EDE6900B30767 /* SceneDelegate.swift */; };
		6C660A342C8EDE6900B30767 /* ViewController.swift in Sources */ = {isa = PBXBuildFile; fileRef = 6C660A332C8EDE6900B30767 /* ViewController.swift */; };
		6C660A372C8EDE6900B30767 /* Base in Resources */ = {isa = PBXBuildFile; fileRef = 6C660A362C8EDE6900B30767 /* Base */; };
		6C660A392C8EDE6A00B30767 /* Assets.xcassets in Resources */ = {isa = PBXBuildFile; fileRef = 6C660A382C8EDE6A00B30767 /* Assets.xcassets */; };
		6C660A3C2C8EDE6A00B30767 /* Base in Resources */ = {isa = PBXBuildFile; fileRef = 6C660A3B2C8EDE6A00B30767 /* Base */; };
		6C660A662C8EFD8500B30767 /* DataProvider.swift in Sources */ = {isa = PBXBuildFile; fileRef = 6C660A652C8EFD8500B30767 /* DataProvider.swift */; };
		6C660A682C8EFD9E00B30767 /* SuperHero.swift in Sources */ = {isa = PBXBuildFile; fileRef = 6C660A672C8EFD9E00B30767 /* SuperHero.swift */; };
		6C660A6B2C8EFF1A00B30767 /* Constants.swift in Sources */ = {isa = PBXBuildFile; fileRef = 6C660A6A2C8EFF1A00B30767 /* Constants.swift */; };
		6C660A792C8F1FCF00B30767 /* SuperHeroViewCell.swift in Sources */ = {isa = PBXBuildFile; fileRef = 6C660A782C8F1FCF00B30767 /* SuperHeroViewCell.swift */; };
		6C991C532C919740005F801B /* DGCharts in Frameworks */ = {isa = PBXBuildFile; productRef = 6C991C522C919740005F801B /* DGCharts */; };
/* End PBXBuildFile section */

/* Begin PBXCopyFilesBuildPhase section */
		6C991C582C91A673005F801B /* Embed Frameworks */ = {
			isa = PBXCopyFilesBuildPhase;
			buildActionMask = 2147483647;
			dstPath = "";
			dstSubfolderSpec = 10;
			files = (
			);
			name = "Embed Frameworks";
			runOnlyForDeploymentPostprocessing = 0;
		};
/* End PBXCopyFilesBuildPhase section */

/* Begin PBXFileReference section */
		6C1246CC2C9032DD008B699D /* UIImageViewExtencion.swift */ = {isa = PBXFileReference; lastKnownFileType = sourcecode.swift; path = UIImageViewExtencion.swift; sourceTree = "<group>"; };
		6C1246CE2C903508008B699D /* UIViewExtention.swift */ = {isa = PBXFileReference; lastKnownFileType = sourcecode.swift; path = UIViewExtention.swift; sourceTree = "<group>"; };
		6C1246D02C904C04008B699D /* DetailViewController.swift */ = {isa = PBXFileReference; lastKnownFileType = sourcecode.swift; path = DetailViewController.swift; sourceTree = "<group>"; };
		6C1246D22C9072C2008B699D /* ViewControllerAbilities.swift */ = {isa = PBXFileReference; lastKnownFileType = sourcecode.swift; path = ViewControllerAbilities.swift; sourceTree = "<group>"; };
		6C660A2C2C8EDE6900B30767 /* SuperHeroApp_iOS.app */ = {isa = PBXFileReference; explicitFileType = wrapper.application; includeInIndex = 0; path = SuperHeroApp_iOS.app; sourceTree = BUILT_PRODUCTS_DIR; };
		6C660A2F2C8EDE6900B30767 /* AppDelegate.swift */ = {isa = PBXFileReference; lastKnownFileType = sourcecode.swift; path = AppDelegate.swift; sourceTree = "<group>"; };
		6C660A312C8EDE6900B30767 /* SceneDelegate.swift */ = {isa = PBXFileReference; lastKnownFileType = sourcecode.swift; path = SceneDelegate.swift; sourceTree = "<group>"; };
		6C660A332C8EDE6900B30767 /* ViewController.swift */ = {isa = PBXFileReference; lastKnownFileType = sourcecode.swift; path = ViewController.swift; sourceTree = "<group>"; };
		6C660A362C8EDE6900B30767 /* Base */ = {isa = PBXFileReference; lastKnownFileType = file.storyboard; name = Base; path = Base.lproj/Main.storyboard; sourceTree = "<group>"; };
		6C660A382C8EDE6A00B30767 /* Assets.xcassets */ = {isa = PBXFileReference; lastKnownFileType = folder.assetcatalog; path = Assets.xcassets; sourceTree = "<group>"; };
		6C660A3B2C8EDE6A00B30767 /* Base */ = {isa = PBXFileReference; lastKnownFileType = file.storyboard; name = Base; path = Base.lproj/LaunchScreen.storyboard; sourceTree = "<group>"; };
		6C660A3D2C8EDE6A00B30767 /* Info.plist */ = {isa = PBXFileReference; lastKnownFileType = text.plist.xml; path = Info.plist; sourceTree = "<group>"; };
		6C660A652C8EFD8500B30767 /* DataProvider.swift */ = {isa = PBXFileReference; lastKnownFileType = sourcecode.swift; path = DataProvider.swift; sourceTree = "<group>"; };
		6C660A672C8EFD9E00B30767 /* SuperHero.swift */ = {isa = PBXFileReference; lastKnownFileType = sourcecode.swift; path = SuperHero.swift; sourceTree = "<group>"; };
		6C660A6A2C8EFF1A00B30767 /* Constants.swift */ = {isa = PBXFileReference; lastKnownFileType = sourcecode.swift; path = Constants.swift; sourceTree = "<group>"; };
		6C660A782C8F1FCF00B30767 /* SuperHeroViewCell.swift */ = {isa = PBXFileReference; lastKnownFileType = sourcecode.swift; path = SuperHeroViewCell.swift; sourceTree = "<group>"; };
		6C991C4C2C919635005F801B /* Charts.framework */ = {isa = PBXFileReference; lastKnownFileType = wrapper.framework; name = Charts.framework; path = System/Library/Frameworks/Charts.framework; sourceTree = SDKROOT; };
/* End PBXFileReference section */

/* Begin PBXFrameworksBuildPhase section */
		6C660A292C8EDE6900B30767 /* Frameworks */ = {
			isa = PBXFrameworksBuildPhase;
			buildActionMask = 2147483647;
			files = (
				6C991C532C919740005F801B /* DGCharts in Frameworks */,
			);
			runOnlyForDeploymentPostprocessing = 0;
		};
/* End PBXFrameworksBuildPhase section */

/* Begin PBXGroup section */
		6C660A232C8EDE6900B30767 = {
			isa = PBXGroup;
			children = (
				6C660A2E2C8EDE6900B30767 /* SuperHeroApp_iOS */,
				6C660A2D2C8EDE6900B30767 /* Products */,
				6C991C4B2C919634005F801B /* Frameworks */,
			);
			sourceTree = "<group>";
		};
		6C660A2D2C8EDE6900B30767 /* Products */ = {
			isa = PBXGroup;
			children = (
				6C660A2C2C8EDE6900B30767 /* SuperHeroApp_iOS.app */,
			);
			name = Products;
			sourceTree = "<group>";
		};
		6C660A2E2C8EDE6900B30767 /* SuperHeroApp_iOS */ = {
			isa = PBXGroup;
			children = (
				6C660A712C8F1BD500B30767 /* ViewCell */,
				6C660A702C8F006700B30767 /* Data */,
				6C660A6F2C8F005500B30767 /* Utils */,
				6C660A642C8EFD2900B30767 /* ViewControllers */,
				6C660A2F2C8EDE6900B30767 /* AppDelegate.swift */,
				6C660A312C8EDE6900B30767 /* SceneDelegate.swift */,
				6C660A352C8EDE6900B30767 /* Main.storyboard */,
				6C660A382C8EDE6A00B30767 /* Assets.xcassets */,
				6C660A3A2C8EDE6A00B30767 /* LaunchScreen.storyboard */,
				6C660A3D2C8EDE6A00B30767 /* Info.plist */,
			);
			path = SuperHeroApp_iOS;
			sourceTree = "<group>";
		};
		6C660A642C8EFD2900B30767 /* ViewControllers */ = {
			isa = PBXGroup;
			children = (
				6C660A332C8EDE6900B30767 /* ViewController.swift */,
				6C1246D02C904C04008B699D /* DetailViewController.swift */,
				6C1246D22C9072C2008B699D /* ViewControllerAbilities.swift */,
			);
			path = ViewControllers;
			sourceTree = "<group>";
		};
		6C660A6F2C8F005500B30767 /* Utils */ = {
			isa = PBXGroup;
			children = (
				6C660A6A2C8EFF1A00B30767 /* Constants.swift */,
				6C1246CC2C9032DD008B699D /* UIImageViewExtencion.swift */,
				6C1246CE2C903508008B699D /* UIViewExtention.swift */,
			);
			path = Utils;
			sourceTree = "<group>";
		};
		6C660A702C8F006700B30767 /* Data */ = {
			isa = PBXGroup;
			children = (
				6C660A672C8EFD9E00B30767 /* SuperHero.swift */,
				6C660A652C8EFD8500B30767 /* DataProvider.swift */,
			);
			path = Data;
			sourceTree = "<group>";
		};
		6C660A712C8F1BD500B30767 /* ViewCell */ = {
			isa = PBXGroup;
			children = (
				6C660A782C8F1FCF00B30767 /* SuperHeroViewCell.swift */,
			);
			path = ViewCell;
			sourceTree = "<group>";
		};
		6C991C4B2C919634005F801B /* Frameworks */ = {
			isa = PBXGroup;
			children = (
				6C991C4C2C919635005F801B /* Charts.framework */,
			);
			name = Frameworks;
			sourceTree = "<group>";
		};
/* End PBXGroup section */

/* Begin PBXNativeTarget section */
		6C660A2B2C8EDE6900B30767 /* SuperHeroApp_iOS */ = {
			isa = PBXNativeTarget;
			buildConfigurationList = 6C660A402C8EDE6A00B30767 /* Build configuration list for PBXNativeTarget "SuperHeroApp_iOS" */;
			buildPhases = (
				6C660A282C8EDE6900B30767 /* Sources */,
				6C660A292C8EDE6900B30767 /* Frameworks */,
				6C660A2A2C8EDE6900B30767 /* Resources */,
				6C991C582C91A673005F801B /* Embed Frameworks */,
			);
			buildRules = (
			);
			dependencies = (
			);
			name = SuperHeroApp_iOS;
			packageProductDependencies = (
				6C991C522C919740005F801B /* DGCharts */,
			);
			productName = SuperHeroApp_iOS;
			productReference = 6C660A2C2C8EDE6900B30767 /* SuperHeroApp_iOS.app */;
			productType = "com.apple.product-type.application";
		};
/* End PBXNativeTarget section */

/* Begin PBXProject section */
		6C660A242C8EDE6900B30767 /* Project object */ = {
			isa = PBXProject;
			attributes = {
				BuildIndependentTargetsInParallel = 1;
				LastSwiftUpdateCheck = 1540;
				LastUpgradeCheck = 1540;
				TargetAttributes = {
					6C660A2B2C8EDE6900B30767 = {
						CreatedOnToolsVersion = 15.4;
					};
				};
			};
			buildConfigurationList = 6C660A272C8EDE6900B30767 /* Build configuration list for PBXProject "SuperHeroApp_iOS" */;
			compatibilityVersion = "Xcode 14.0";
			developmentRegion = en;
			hasScannedForEncodings = 0;
			knownRegions = (
				en,
				Base,
			);
			mainGroup = 6C660A232C8EDE6900B30767;
			packageReferences = (
				6C991C512C919740005F801B /* XCRemoteSwiftPackageReference "Charts" */,
			);
			productRefGroup = 6C660A2D2C8EDE6900B30767 /* Products */;
			projectDirPath = "";
			projectRoot = "";
			targets = (
				6C660A2B2C8EDE6900B30767 /* SuperHeroApp_iOS */,
			);
		};
/* End PBXProject section */

/* Begin PBXResourcesBuildPhase section */
		6C660A2A2C8EDE6900B30767 /* Resources */ = {
			isa = PBXResourcesBuildPhase;
			buildActionMask = 2147483647;
			files = (
				6C660A392C8EDE6A00B30767 /* Assets.xcassets in Resources */,
				6C660A3C2C8EDE6A00B30767 /* Base in Resources */,
				6C660A372C8EDE6900B30767 /* Base in Resources */,
			);
			runOnlyForDeploymentPostprocessing = 0;
		};
/* End PBXResourcesBuildPhase section */

/* Begin PBXSourcesBuildPhase section */
		6C660A282C8EDE6900B30767 /* Sources */ = {
			isa = PBXSourcesBuildPhase;
			buildActionMask = 2147483647;
			files = (
				6C1246CF2C903508008B699D /* UIViewExtention.swift in Sources */,
				6C660A682C8EFD9E00B30767 /* SuperHero.swift in Sources */,
				6C1246D32C9072C2008B699D /* ViewControllerAbilities.swift in Sources */,
				6C660A792C8F1FCF00B30767 /* SuperHeroViewCell.swift in Sources */,
				6C660A342C8EDE6900B30767 /* ViewController.swift in Sources */,
				6C660A302C8EDE6900B30767 /* AppDelegate.swift in Sources */,
				6C660A662C8EFD8500B30767 /* DataProvider.swift in Sources */,
				6C660A322C8EDE6900B30767 /* SceneDelegate.swift in Sources */,
				6C1246D12C904C04008B699D /* DetailViewController.swift in Sources */,
				6C1246CD2C9032DD008B699D /* UIImageViewExtencion.swift in Sources */,
				6C660A6B2C8EFF1A00B30767 /* Constants.swift in Sources */,
			);
			runOnlyForDeploymentPostprocessing = 0;
		};
/* End PBXSourcesBuildPhase section */

/* Begin PBXVariantGroup section */
		6C660A352C8EDE6900B30767 /* Main.storyboard */ = {
			isa = PBXVariantGroup;
			children = (
				6C660A362C8EDE6900B30767 /* Base */,
			);
			name = Main.storyboard;
			sourceTree = "<group>";
		};
		6C660A3A2C8EDE6A00B30767 /* LaunchScreen.storyboard */ = {
			isa = PBXVariantGroup;
			children = (
				6C660A3B2C8EDE6A00B30767 /* Base */,
			);
			name = LaunchScreen.storyboard;
			sourceTree = "<group>";
		};
/* End PBXVariantGroup section */

/* Begin XCBuildConfiguration section */
		6C660A3E2C8EDE6A00B30767 /* Debug */ = {
			isa = XCBuildConfiguration;
			buildSettings = {
				ALWAYS_SEARCH_USER_PATHS = NO;
				ASSETCATALOG_COMPILER_GENERATE_SWIFT_ASSET_SYMBOL_EXTENSIONS = YES;
				CLANG_ANALYZER_NONNULL = YES;
				CLANG_ANALYZER_NUMBER_OBJECT_CONVERSION = YES_AGGRESSIVE;
				CLANG_CXX_LANGUAGE_STANDARD = "gnu++20";
				CLANG_ENABLE_MODULES = YES;
				CLANG_ENABLE_OBJC_ARC = YES;
				CLANG_ENABLE_OBJC_WEAK = YES;
				CLANG_WARN_BLOCK_CAPTURE_AUTORELEASING = YES;
				CLANG_WARN_BOOL_CONVERSION = YES;
				CLANG_WARN_COMMA = YES;
				CLANG_WARN_CONSTANT_CONVERSION = YES;
				CLANG_WARN_DEPRECATED_OBJC_IMPLEMENTATIONS = YES;
				CLANG_WARN_DIRECT_OBJC_ISA_USAGE = YES_ERROR;
				CLANG_WARN_DOCUMENTATION_COMMENTS = YES;
				CLANG_WARN_EMPTY_BODY = YES;
				CLANG_WARN_ENUM_CONVERSION = YES;
				CLANG_WARN_INFINITE_RECURSION = YES;
				CLANG_WARN_INT_CONVERSION = YES;
				CLANG_WARN_NON_LITERAL_NULL_CONVERSION = YES;
				CLANG_WARN_OBJC_IMPLICIT_RETAIN_SELF = YES;
				CLANG_WARN_OBJC_LITERAL_CONVERSION = YES;
				CLANG_WARN_OBJC_ROOT_CLASS = YES_ERROR;
				CLANG_WARN_QUOTED_INCLUDE_IN_FRAMEWORK_HEADER = YES;
				CLANG_WARN_RANGE_LOOP_ANALYSIS = YES;
				CLANG_WARN_STRICT_PROTOTYPES = YES;
				CLANG_WARN_SUSPICIOUS_MOVE = YES;
				CLANG_WARN_UNGUARDED_AVAILABILITY = YES_AGGRESSIVE;
				CLANG_WARN_UNREACHABLE_CODE = YES;
				CLANG_WARN__DUPLICATE_METHOD_MATCH = YES;
				COPY_PHASE_STRIP = NO;
				DEBUG_INFORMATION_FORMAT = dwarf;
				ENABLE_STRICT_OBJC_MSGSEND = YES;
				ENABLE_TESTABILITY = YES;
				ENABLE_USER_SCRIPT_SANDBOXING = YES;
				GCC_C_LANGUAGE_STANDARD = gnu17;
				GCC_DYNAMIC_NO_PIC = NO;
				GCC_NO_COMMON_BLOCKS = YES;
				GCC_OPTIMIZATION_LEVEL = 0;
				GCC_PREPROCESSOR_DEFINITIONS = (
					"DEBUG=1",
					"$(inherited)",
				);
				GCC_WARN_64_TO_32_BIT_CONVERSION = YES;
				GCC_WARN_ABOUT_RETURN_TYPE = YES_ERROR;
				GCC_WARN_UNDECLARED_SELECTOR = YES;
				GCC_WARN_UNINITIALIZED_AUTOS = YES_AGGRESSIVE;
				GCC_WARN_UNUSED_FUNCTION = YES;
				GCC_WARN_UNUSED_VARIABLE = YES;
				IPHONEOS_DEPLOYMENT_TARGET = 17.5;
				LOCALIZATION_PREFERS_STRING_CATALOGS = YES;
				MTL_ENABLE_DEBUG_INFO = INCLUDE_SOURCE;
				MTL_FAST_MATH = YES;
				ONLY_ACTIVE_ARCH = YES;
				SDKROOT = iphoneos;
				SWIFT_ACTIVE_COMPILATION_CONDITIONS = "DEBUG $(inherited)";
				SWIFT_OPTIMIZATION_LEVEL = "-Onone";
			};
			name = Debug;
		};
		6C660A3F2C8EDE6A00B30767 /* Release */ = {
			isa = XCBuildConfiguration;
			buildSettings = {
				ALWAYS_SEARCH_USER_PATHS = NO;
				ASSETCATALOG_COMPILER_GENERATE_SWIFT_ASSET_SYMBOL_EXTENSIONS = YES;
				CLANG_ANALYZER_NONNULL = YES;
				CLANG_ANALYZER_NUMBER_OBJECT_CONVERSION = YES_AGGRESSIVE;
				CLANG_CXX_LANGUAGE_STANDARD = "gnu++20";
				CLANG_ENABLE_MODULES = YES;
				CLANG_ENABLE_OBJC_ARC = YES;
				CLANG_ENABLE_OBJC_WEAK = YES;
				CLANG_WARN_BLOCK_CAPTURE_AUTORELEASING = YES;
				CLANG_WARN_BOOL_CONVERSION = YES;
				CLANG_WARN_COMMA = YES;
				CLANG_WARN_CONSTANT_CONVERSION = YES;
				CLANG_WARN_DEPRECATED_OBJC_IMPLEMENTATIONS = YES;
				CLANG_WARN_DIRECT_OBJC_ISA_USAGE = YES_ERROR;
				CLANG_WARN_DOCUMENTATION_COMMENTS = YES;
				CLANG_WARN_EMPTY_BODY = YES;
				CLANG_WARN_ENUM_CONVERSION = YES;
				CLANG_WARN_INFINITE_RECURSION = YES;
				CLANG_WARN_INT_CONVERSION = YES;
				CLANG_WARN_NON_LITERAL_NULL_CONVERSION = YES;
				CLANG_WARN_OBJC_IMPLICIT_RETAIN_SELF = YES;
				CLANG_WARN_OBJC_LITERAL_CONVERSION = YES;
				CLANG_WARN_OBJC_ROOT_CLASS = YES_ERROR;
				CLANG_WARN_QUOTED_INCLUDE_IN_FRAMEWORK_HEADER = YES;
				CLANG_WARN_RANGE_LOOP_ANALYSIS = YES;
				CLANG_WARN_STRICT_PROTOTYPES = YES;
				CLANG_WARN_SUSPICIOUS_MOVE = YES;
				CLANG_WARN_UNGUARDED_AVAILABILITY = YES_AGGRESSIVE;
				CLANG_WARN_UNREACHABLE_CODE = YES;
				CLANG_WARN__DUPLICATE_METHOD_MATCH = YES;
				COPY_PHASE_STRIP = NO;
				DEBUG_INFORMATION_FORMAT = "dwarf-with-dsym";
				ENABLE_NS_ASSERTIONS = NO;
				ENABLE_STRICT_OBJC_MSGSEND = YES;
				ENABLE_USER_SCRIPT_SANDBOXING = YES;
				GCC_C_LANGUAGE_STANDARD = gnu17;
				GCC_NO_COMMON_BLOCKS = YES;
				GCC_WARN_64_TO_32_BIT_CONVERSION = YES;
				GCC_WARN_ABOUT_RETURN_TYPE = YES_ERROR;
				GCC_WARN_UNDECLARED_SELECTOR = YES;
				GCC_WARN_UNINITIALIZED_AUTOS = YES_AGGRESSIVE;
				GCC_WARN_UNUSED_FUNCTION = YES;
				GCC_WARN_UNUSED_VARIABLE = YES;
				IPHONEOS_DEPLOYMENT_TARGET = 17.5;
				LOCALIZATION_PREFERS_STRING_CATALOGS = YES;
				MTL_ENABLE_DEBUG_INFO = NO;
				MTL_FAST_MATH = YES;
				SDKROOT = iphoneos;
				SWIFT_COMPILATION_MODE = wholemodule;
				VALIDATE_PRODUCT = YES;
			};
			name = Release;
		};
		6C660A412C8EDE6A00B30767 /* Debug */ = {
			isa = XCBuildConfiguration;
			buildSettings = {
				ASSETCATALOG_COMPILER_APPICON_NAME = AppIcon;
				ASSETCATALOG_COMPILER_GLOBAL_ACCENT_COLOR_NAME = AccentColor;
				CODE_SIGN_STYLE = Automatic;
				CURRENT_PROJECT_VERSION = 1;
				GENERATE_INFOPLIST_FILE = YES;
				INFOPLIST_FILE = SuperHeroApp_iOS/Info.plist;
				INFOPLIST_KEY_UIApplicationSupportsIndirectInputEvents = YES;
				INFOPLIST_KEY_UILaunchStoryboardName = LaunchScreen;
				INFOPLIST_KEY_UIMainStoryboardFile = Main;
				INFOPLIST_KEY_UISupportedInterfaceOrientations_iPad = "UIInterfaceOrientationPortrait UIInterfaceOrientationPortraitUpsideDown UIInterfaceOrientationLandscapeLeft UIInterfaceOrientationLandscapeRight";
				INFOPLIST_KEY_UISupportedInterfaceOrientations_iPhone = "UIInterfaceOrientationPortrait UIInterfaceOrientationLandscapeLeft UIInterfaceOrientationLandscapeRight";
				LD_RUNPATH_SEARCH_PATHS = (
					"$(inherited)",
					"@executable_path/Frameworks",
				);
				MARKETING_VERSION = 1.0;
				PRODUCT_BUNDLE_IDENTIFIER = "com.example.SuperHeroApp-iOS";
				PRODUCT_NAME = "$(TARGET_NAME)";
				SWIFT_EMIT_LOC_STRINGS = YES;
				SWIFT_VERSION = 5.0;
				TARGETED_DEVICE_FAMILY = "1,2";
			};
			name = Debug;
		};
		6C660A422C8EDE6A00B30767 /* Release */ = {
			isa = XCBuildConfiguration;
			buildSettings = {
				ASSETCATALOG_COMPILER_APPICON_NAME = AppIcon;
				ASSETCATALOG_COMPILER_GLOBAL_ACCENT_COLOR_NAME = AccentColor;
				CODE_SIGN_STYLE = Automatic;
				CURRENT_PROJECT_VERSION = 1;
				GENERATE_INFOPLIST_FILE = YES;
				INFOPLIST_FILE = SuperHeroApp_iOS/Info.plist;
				INFOPLIST_KEY_UIApplicationSupportsIndirectInputEvents = YES;
				INFOPLIST_KEY_UILaunchStoryboardName = LaunchScreen;
				INFOPLIST_KEY_UIMainStoryboardFile = Main;
				INFOPLIST_KEY_UISupportedInterfaceOrientations_iPad = "UIInterfaceOrientationPortrait UIInterfaceOrientationPortraitUpsideDown UIInterfaceOrientationLandscapeLeft UIInterfaceOrientationLandscapeRight";
				INFOPLIST_KEY_UISupportedInterfaceOrientations_iPhone = "UIInterfaceOrientationPortrait UIInterfaceOrientationLandscapeLeft UIInterfaceOrientationLandscapeRight";
				LD_RUNPATH_SEARCH_PATHS = (
					"$(inherited)",
					"@executable_path/Frameworks",
				);
				MARKETING_VERSION = 1.0;
				PRODUCT_BUNDLE_IDENTIFIER = "com.example.SuperHeroApp-iOS";
				PRODUCT_NAME = "$(TARGET_NAME)";
				SWIFT_EMIT_LOC_STRINGS = YES;
				SWIFT_VERSION = 5.0;
				TARGETED_DEVICE_FAMILY = "1,2";
			};
			name = Release;
		};
/* End XCBuildConfiguration section */

/* Begin XCConfigurationList section */
		6C660A272C8EDE6900B30767 /* Build configuration list for PBXProject "SuperHeroApp_iOS" */ = {
			isa = XCConfigurationList;
			buildConfigurations = (
				6C660A3E2C8EDE6A00B30767 /* Debug */,
				6C660A3F2C8EDE6A00B30767 /* Release */,
			);
			defaultConfigurationIsVisible = 0;
			defaultConfigurationName = Release;
		};
		6C660A402C8EDE6A00B30767 /* Build configuration list for PBXNativeTarget "SuperHeroApp_iOS" */ = {
			isa = XCConfigurationList;
			buildConfigurations = (
				6C660A412C8EDE6A00B30767 /* Debug */,
				6C660A422C8EDE6A00B30767 /* Release */,
			);
			defaultConfigurationIsVisible = 0;
			defaultConfigurationName = Release;
		};
/* End XCConfigurationList section */

/* Begin XCRemoteSwiftPackageReference section */
		6C991C512C919740005F801B /* XCRemoteSwiftPackageReference "Charts" */ = {
			isa = XCRemoteSwiftPackageReference;
			repositoryURL = "https://github.com/ChartsOrg/Charts.git";
			requirement = {
				kind = upToNextMajorVersion;
				minimumVersion = 5.1.0;
			};
		};
/* End XCRemoteSwiftPackageReference section */

/* Begin XCSwiftPackageProductDependency section */
		6C991C522C919740005F801B /* DGCharts */ = {
			isa = XCSwiftPackageProductDependency;
			package = 6C991C512C919740005F801B /* XCRemoteSwiftPackageReference "Charts" */;
			productName = DGCharts;
		};
/* End XCSwiftPackageProductDependency section */
	};
	rootObject = 6C660A242C8EDE6900B30767 /* Project object */;
}
